
Microsoft Visual Studio Solution File, Format Version 12.00
# Visual Studio Version 17
VisualStudioVersion = 17.7.34009.444
MinimumVisualStudioVersion = 10.0.40219.1
Project("{FAE04EC0-301F-11D3-BF4B-00C04F79EFBC}") = "slot_machine", "slot_machine\slot_machine.csproj", "{FFF81F2B-7FE0-4D18-B7E9-8A54776DEAC6}"
EndProject
Global
	GlobalSection(SolutionConfigurationPlatforms) = preSolution
		Debug|Any CPU = Debug|Any CPU
		Release|Any CPU = Release|Any CPU
	EndGlobalSection
	GlobalSection(ProjectConfigurationPlatforms) = postSolution
		{FFF81F2B-7FE0-4D18-B7E9-8A54776DEAC6}.Debug|Any CPU.ActiveCfg = Debug|Any CPU
		{FFF81F2B-7FE0-4D18-B7E9-8A54776DEAC6}.Debug|Any CPU.Build.0 = Debug|Any CPU
		{FFF81F2B-7FE0-4D18-B7E9-8A54776DEAC6}.Release|Any CPU.ActiveCfg = Release|Any CPU
		{FFF81F2B-7FE0-4D18-B7E9-8A54776DEAC6}.Release|Any CPU.Build.0 = Release|Any CPU
	EndGlobalSection
	GlobalSection(SolutionProperties) = preSolution
		HideSolutionNode = FALSE
	EndGlobalSection
	GlobalSection(ExtensibilityGlobals) = postSolution
		SolutionGuid = {854082A6-263D-4ABB-A900-446215CACB99}
	EndGlobalSection
EndGlobal
